{
  "nodes": {
    "darwin": {
      "inputs": {
        "nixpkgs": [
          "nixpkgs"
        ]
      },
      "locked": {
        "lastModified": 1696360011,
        "narHash": "sha256-HpPv27qMuPou4acXcZ8Klm7Zt0Elv9dgDvSJaomWb9Y=",
        "owner": "LnL7",
        "repo": "nix-darwin",
        "rev": "8b6ea26d5d2e8359d06278364f41fbc4b903b28a",
        "type": "github"
      },
      "original": {
        "owner": "LnL7",
        "repo": "nix-darwin",
        "type": "github"
      }
    },
    "flake-utils": {
      "inputs": {
        "systems": "systems"
      },
      "locked": {
        "lastModified": 1694529238,
        "narHash": "sha256-zsNZZGTGnMOf9YpHKJqMSsa0dXbfmxeoJ7xHlrt+xmY=",
        "owner": "numtide",
        "repo": "flake-utils",
        "rev": "ff7b65b44d01cf9ba6a71320833626af21126384",
        "type": "github"
      },
      "original": {
        "owner": "numtide",
        "repo": "flake-utils",
        "type": "github"
      }
    },
    "home-manager": {
      "inputs": {
        "nixpkgs": [
          "nixpkgs"
        ]
      },
      "locked": {
        "lastModified": 1696940889,
        "narHash": "sha256-p2Wic74A1tZpFcld1wSEbFQQbrZ/tPDuLieCnspamQo=",
        "owner": "nix-community",
        "repo": "home-manager",
        "rev": "6bba64781e4b7c1f91a733583defbd3e46b49408",
        "type": "github"
      },
      "original": {
        "owner": "nix-community",
        "repo": "home-manager",
        "type": "github"
      }
    },
    "nixpkgs": {
      "locked": {
        "lastModified": 1697005890,
        "narHash": "sha256-pEI8Xg3FChTZMpzHtoe2wJOK6e2MJjc25Q5G9fHorkc=",
        "owner": "NixOS",
        "repo": "nixpkgs",
        "rev": "52f7404b62181b4ef439bb644b3dfa58e9eb2ce7",
        "type": "github"
      },
      "original": {
        "id": "nixpkgs",
        "ref": "nixos-unstable-small",
        "type": "indirect"
      }
    },
    "nixpkgs-stable": {
      "locked": {
        "lastModified": 1696954215,
        "narHash": "sha256-AFnALq/MZs0vRKwjGpS27maCMRcXr04lzi+BI7ZIoDw=",
        "owner": "NixOS",
        "repo": "nixpkgs",
        "rev": "0927ba648bbbdff18356c292edcfefbb4e1a143d",
        "type": "github"
      },
      "original": {
        "id": "nixpkgs",
        "ref": "nixos-23.05-small",
        "type": "indirect"
      }
    },
    "nixpkgs-stable_2": {
      "locked": {
        "lastModified": 1696717752,
        "narHash": "sha256-qEq1styCyQHSrw7AOhskH2qwCFx93bOwsGEzUIrZC0g=",
        "owner": "NixOS",
        "repo": "nixpkgs",
        "rev": "2f3b6b3fcd9fa0a4e6b544180c058a70890a7cc1",
        "type": "github"
      },
      "original": {
        "owner": "NixOS",
        "ref": "release-23.05",
        "repo": "nixpkgs",
        "type": "github"
      }
    },
    "root": {
      "inputs": {
        "darwin": "darwin",
        "flake-utils": "flake-utils",
        "home-manager": "home-manager",
        "nixpkgs": "nixpkgs",
        "nixpkgs-stable": "nixpkgs-stable",
        "sops-nix": "sops-nix"
      }
    },
    "sops-nix": {
      "inputs": {
        "nixpkgs": [
          "nixpkgs"
        ],
        "nixpkgs-stable": "nixpkgs-stable_2"
      },
      "locked": {
        "lastModified": 1696890802,
        "narHash": "sha256-q0cbDNjTnZ1ojoPdy4liEHWXokhQSNULnSKgURp4v2g=",
        "owner": "Mic92",
        "repo": "sops-nix",
        "rev": "6b32358c22d2718a5407d39a8236c7bd9608f447",
        "type": "github"
      },
      "original": {
        "owner": "Mic92",
        "repo": "sops-nix",
        "type": "github"
      }
    },
    "systems": {
      "locked": {
        "lastModified": 1681028828,
        "narHash": "sha256-Vy1rq5AaRuLzOxct8nz4T6wlgyUR7zLU309k9mBC768=",
        "owner": "nix-systems",
        "repo": "default",
        "rev": "da67096a3b9bf56a91d16901293e51ba5b49a27e",
        "type": "github"
      },
      "original": {
        "owner": "nix-systems",
        "repo": "default",
        "type": "github"
      }
    }
  },
  "root": "root",
  "version": 7
}
